--- 
dependencies: 
  ruby-git: 
    group: 
    - :default
    version: = 0.1.0
  haml: 
    group: 
    - :default
    version: = 2.2.20
  racksh: 
    group: 
    - :default
    version: ">= 0"
  rack: 
    group: 
    - :default
    version: ">= 0"
  json: 
    group: 
    - :default
    version: ">= 0"
  sinatra: 
    group: 
    - :default
    version: ">= 0"
specs: 
- haml: 
    version: 2.2.20
- json: 
    version: 1.2.3
- rack: 
    version: 1.1.0
- rack-test: 
    version: 0.5.3
- racksh: 
    version: 0.9.7
- ruby-git: 
    version: 0.1.0
    source: 0
- sinatra: 
    version: "1.0"
hash: e4e4b36910a51906e511c99e18fd237be1c6e7ad
sources: 
- Git: 
    name: ruby-git
    uri: git://github.com/stefanpenner/ruby-git.git
    version: 0.1.0
    git: git://github.com/stefanpenner/ruby-git.git
    ref: eca5ca388d3bac81f454cf5d12df1400ac1b0b02
- Rubygems: 
    uri: http://gemcutter.org
